PODS:
  - Alamofire (4.8.2)
  - BaseAPI (0.1.5)
  - GithubAPI (0.0.6):
    - BaseAPI
  - IQKeyboardManagerSwift (6.3.0)
  - MaterialComponents/ActivityIndicator (84.5.0):
    - MaterialComponents/Palettes
    - MaterialComponents/private/Application
    - MDFInternationalization
    - MotionAnimator (~> 2.0)
  - MaterialComponents/AnimationTiming (84.5.0)
  - MaterialComponents/Buttons (84.5.0):
    - MaterialComponents/Ink
    - MaterialComponents/private/Math
    - MaterialComponents/Ripple
    - MaterialComponents/ShadowElevations
    - MaterialComponents/ShadowLayer
    - MaterialComponents/Shapes
    - MaterialComponents/Typography
    - MDFInternationalization
    - MDFTextAccessibility
  - MaterialComponents/Dialogs (84.5.0):
    - MaterialComponents/Buttons
    - MaterialComponents/private/KeyboardWatcher
    - MaterialComponents/ShadowElevations
    - MaterialComponents/ShadowLayer
    - MaterialComponents/Typography
    - MDFInternationalization
  - MaterialComponents/Ink (84.5.0):
    - MaterialComponents/private/Math
  - MaterialComponents/Palettes (84.5.0)
  - MaterialComponents/private/Application (84.5.0)
  - MaterialComponents/private/KeyboardWatcher (84.5.0):
    - MaterialComponents/private/Application
  - MaterialComponents/private/Math (84.5.0)
  - MaterialComponents/Ripple (84.5.0):
    - MaterialComponents/AnimationTiming
    - MaterialComponents/private/Math
  - MaterialComponents/ShadowElevations (84.5.0)
  - MaterialComponents/ShadowLayer (84.5.0):
    - MaterialComponents/ShadowElevations
  - MaterialComponents/Shapes (84.5.0):
    - MaterialComponents/private/Math
    - MaterialComponents/ShadowLayer
  - MaterialComponents/Typography (84.5.0):
    - MaterialComponents/private/Application
    - MaterialComponents/private/Math
  - MDFInternationalization (2.0.0)
  - MDFTextAccessibility (2.0.0)
  - MotionAnimator (2.8.1):
    - MotionInterchange (~> 1.6)
  - MotionInterchange (1.6.0)
  - Nuke (7.6.3)
  - Realm (3.16.1):
    - Realm/Headers (= 3.16.1)
  - Realm/Headers (3.16.1)
  - RealmSwift (3.16.1):
    - Realm (= 3.16.1)

DEPENDENCIES:
  - Alamofire
  - GithubAPI
  - IQKeyboardManagerSwift
  - MaterialComponents/ActivityIndicator
  - MaterialComponents/Dialogs
  - Nuke
  - RealmSwift

SPEC REPOS:
  https://github.com/cocoapods/specs.git:
    - Alamofire
    - BaseAPI
    - GithubAPI
    - IQKeyboardManagerSwift
    - MaterialComponents
    - MDFInternationalization
    - MDFTextAccessibility
    - MotionAnimator
    - MotionInterchange
    - Nuke
    - Realm
    - RealmSwift

SPEC CHECKSUMS:
  Alamofire: ae5c501addb7afdbb13687d7f2f722c78734c2d3
  BaseAPI: 9248feed65933cd20283514e7a9917ecba1b69c0
  GithubAPI: bc5bfd90489f5138a8d1e00003b18abe31579eb0
  IQKeyboardManagerSwift: a8228c257614af98743b4cd8584637025f36358f
  MaterialComponents: 4f1d0258d14aaf47215c2d710d3b5d915e370622
  MDFInternationalization: 010097556d6b09d2c4ea38e0820ea6d37be6a314
  MDFTextAccessibility: 85c09a1bd9c321f494348e632a25063bcda35a53
  MotionAnimator: ee16aa30567c5bae0fb2750c132915829cfaaf8a
  MotionInterchange: ead0e3ae1f3a5fb539e289debbc7ae036160a10d
  Nuke: 44130e95e09463f8773ae4b96b90de1eba6b3350
  Realm: 601cacc51d8be3b17a377ef787be0f6ee0e76cf1
  RealmSwift: 486f2e09d5a8ccff63ed66e48d0846b111deb5e5

PODFILE CHECKSUM: b45144c9351cf8a6f075a7cb25d30b1881440585

COCOAPODS: 1.7.1
